
Microsoft Visual Studio Solution File, Format Version 12.00
# Visual Studio 2012
Project("{FAE04EC0-301F-11D3-BF4B-00C04F79EFBC}") = "ConsoleApplication1", "ConsoleApplication1\ConsoleApplication1.csproj", "{E4F1A5B8-CA4B-4A56-8B06-C41F9AE48151}"
EndProject
Global
	GlobalSection(SolutionConfigurationPlatforms) = preSolution
		Debug|Any CPU = Debug|Any CPU
		Release|Any CPU = Release|Any CPU
	EndGlobalSection
	GlobalSection(ProjectConfigurationPlatforms) = postSolution
		{E4F1A5B8-CA4B-4A56-8B06-C41F9AE48151}.Debug|Any CPU.ActiveCfg = Debug|Any CPU
		{E4F1A5B8-CA4B-4A56-8B06-C41F9AE48151}.Debug|Any CPU.Build.0 = Debug|Any CPU
		{E4F1A5B8-CA4B-4A56-8B06-C41F9AE48151}.Release|Any CPU.ActiveCfg = Release|Any CPU
		{E4F1A5B8-CA4B-4A56-8B06-C41F9AE48151}.Release|Any CPU.Build.0 = Release|Any CPU
	EndGlobalSection
	GlobalSection(SolutionProperties) = preSolution
		HideSolutionNode = FALSE
	EndGlobalSection
EndGlobal
